Microsoft Visual Studio Solution File, Format Version 12.00
# Visual Studio Version 17
VisualStudioVersion = 17.5.2.0
MinimumVisualStudioVersion = 10.0.40219.1
Project("{FAE04EC0-301F-11D3-BF4B-00C04F79EFBC}") = "protabula_com", "protabula_com.csproj", "{E0BCD666-A2B9-51B1-E9B5-43D6AA5DDAD2}"
EndProject
Global
	GlobalSection(SolutionConfigurationPlatforms) = preSolution
		Debug|Any CPU = Debug|Any CPU
		Release|Any CPU = Release|Any CPU
	EndGlobalSection
	GlobalSection(ProjectConfigurationPlatforms) = postSolution
		{E0BCD666-A2B9-51B1-E9B5-43D6AA5DDAD2}.Debug|Any CPU.ActiveCfg = Debug|Any CPU
		{E0BCD666-A2B9-51B1-E9B5-43D6AA5DDAD2}.Debug|Any CPU.Build.0 = Debug|Any CPU
		{E0BCD666-A2B9-51B1-E9B5-43D6AA5DDAD2}.Release|Any CPU.ActiveCfg = Release|Any CPU
		{E0BCD666-A2B9-51B1-E9B5-43D6AA5DDAD2}.Release|Any CPU.Build.0 = Release|Any CPU
	EndGlobalSection
	GlobalSection(SolutionProperties) = preSolution
		HideSolutionNode = FALSE
	EndGlobalSection
	GlobalSection(ExtensibilityGlobals) = postSolution
		SolutionGuid = {237D9896-A5CD-4475-8284-A9743C032846}
	EndGlobalSection
EndGlobal
